lockfileVersion: '9.0'

settings:
  autoInstallPeers: true
  excludeLinksFromLockfile: false

importers:

  .:
    devDependencies:
      '@effect/platform-node':
        specifier: 4.0.0-rc.115
        version: 4.0.0-rc.115(effect@4.0.0-rc.115)(redis@6.2.1)
      '@types/node':
        specifier: ^22.20.2
        version: 22.20.2
      '@types/pg':
        specifier: ^8.23.1
        version: 8.23.1
      effect:
        specifier: 4.0.0-rc.115
        version: 4.0.0-rc.115
      pg:
        specifier: ^8.23.0
        version: 8.23.0
      tsdown:
        specifier: ^0.23.0
        version: 0.23.0(typescript@5.9.3)
      typescript:
        specifier: ^5.9.3
        version: 5.9.3

packages:

  '@effect/platform-node-shared@4.0.0-rc.115':
    resolution: {integrity: sha512-rcBwhDIfb82akJoTv7Vwh8K5x9vC/XfuePS7JjOr+z+dORXzsmKqI1BUQF27ARCN9fTAbDh7I6YvBlWhLjnqNg==}
    engines: {node: '>=18.0.0'}
    peerDependencies:
      effect: ^4.0.0-rc.115

  '@effect/platform-node@4.0.0-rc.115':
    resolution: {integrity: sha512-mW03Wjq2FiTL5oi9yOkaKpCyUNBaduKgTk7qMHNELvC21Jq2qOAfdsfH+p+s2zmpB9w2RSa+ApODv4WjO9wQfw==}
    engines: {node: '>=18.0.0'}
    peerDependencies:
      effect: ^4.0.0-rc.115
      redis: '>=5.0.0 <7.0.0'

  '@oxc-project/types@0.150.0':
    resolution: {integrity: sha512-rDS5/31E9HfPl/CIzGrn0DOlvBbXFseQ5URJ9sYMfstbKLD/c6Gm9vmRzRGDdAXyOIL4zmO37lc9RIwYqVruZw==}

  '@quansync/fs@1.1.0':
    resolution: {integrity: sha512-qAPG/t3HqML1TlN7sY/pTbEjzFVAKsMjNNMGheyDosro+kT4iw2KCUoHcVdmliwWjorm4elZbgNQyU2eD97eDg==}

  '@redis/bloom@6.2.1':
    resolution: {integrity: sha512-huQgNLaCIZfQ9SeLn4q9124uOUd8HbZDYHwwUzNcRgHqCHiHKl2dDxMqJCeWh8cMqZAoWuHR8XnWbDMIf+o7ag==}
    engines: {node: '>= 20.0.0'}
    peerDependencies:
      '@redis/client': ^6.2.1

  '@redis/client@6.2.1':
    resolution: {integrity: sha512-LzxBY7SIBvvJiyCgcaJZZakE3fJrZZ++i24+EDW9fKpCl68D35uJcKFpZZwCfOoG9WZTbyZlMzMeM0gtOAMU9Q==}
    engines: {node: '>= 20.0.0'}
    peerDependencies:
      '@node-rs/xxhash': ^1.1.0
      '@opentelemetry/api': '>=1 <2'
    peerDependenciesMeta:
      '@node-rs/xxhash':
        optional: true
      '@opentelemetry/api':
        optional: true

  '@redis/json@6.2.1':
    resolution: {integrity: sha512-AFIUJ8Gj0DaaSBHYuSt8+O0oYWM+50OK1c0OmodB7XERIA8+BbyV3O4v76f9iccWasd1/7qjfZTpuzexUaZtrQ==}
    engines: {node: '>= 20.0.0'}
    peerDependencies:
      '@redis/client': ^6.2.1

  '@redis/search@6.2.1':
    resolution: {integrity: sha512-2vfOAOyYFE7UUw3sBBlkqqruBtOUS4HRY5MtW4hp83llrwvtrTE4r22CEqXddlV+54zkLxBE4nmsIJ/dpezQrQ==}
    engines: {node: '>= 20.0.0'}
    peerDependencies:
      '@redis/client': ^6.2.1

  '@redis/time-series@6.2.1':
    resolution: {integrity: sha512-kiYniph04dJOole+L359B6C9E+jYS2uDP7hca6Onj0xF38ZIpyxARO0Iq0W4ZRn1e8Q6vqW00QFZVSMRA/2Ijw==}
    engines: {node: '>= 20.0.0'}
    peerDependencies:
      '@redis/client': ^6.2.1

  '@rolldown/binding-android-arm-eabi@1.2.9':
    resolution: {integrity: sha512-tNISae1QEf/vkb3xkRcjV5SEdzPE97We5IVaa2Z8jSszQPZ8U60B/YCYpw4QI7VidYsBtKavczXf+DyDs9WGxw==}
    engines: {node: ^20.19.0 || >=22.12.0}
    cpu: [arm]
    os: [android]

  '@rolldown/binding-android-arm64@1.2.9':
    resolution: {integrity: sha512-YC8YsI30o606GTZi0VyzYlsDKFP8W61i/QzayHDkLbNEz/IShqAmTa+hsJRj13xTHA0H+6fk4b2UmGn+Q/cMlg==}
    engines: {node: ^20.19.0 || >=22.12.0}
    cpu: [arm64]
    os: [android]

  '@rolldown/binding-darwin-arm64@1.2.9':
    resolution: {integrity: sha512-IwhlH3qK5urrY8hZiEgGkHKEFN901p/p2bjxCxJlr4GyNnF7wYpUvK+Y43uaRYuC4hpfjzbR3SJC3arX1jGvmw==}
    engines: {node: ^20.19.0 || >=22.12.0}
    cpu: [arm64]
    os: [darwin]

  '@rolldown/binding-darwin-x64@1.2.9':
    resolution: {integrity: sha512-XxpJfVzFh+jilRxIXUqcfYAYcunIc/XEzIizsOL1fcJee5Sf7H3mH8WlLmfHfluz5amqR88QQo9izKtmMlavAw==}
    engines: {node: ^20.19.0 || >=22.12.0}
    cpu: [x64]
    os: [darwin]

  '@rolldown/binding-freebsd-x64@1.2.9':
    resolution: {integrity: sha512-kSfvhmgeWyfkbT3p/1s5vSgboogoah2zkm9fX2zjg2hHxSV7T4KhMWRUUaRk4OXNqoD3QAUeRqLcs1aZOK4U1g==}
    engines: {node: ^20.19.0 || >=22.12.0}
    cpu: [x64]
    os: [freebsd]

  '@rolldown/binding-linux-arm-gnueabihf@1.2.9':
    resolution: {integrity: sha512-1RVzG17pxqbTfYLC352JlLt6kKLG+6Hr30n8DlIJqsnV5luUDd2Qdx9Ayw1Cabfyb1K9k0jXEZ7evxkRoT+uiw==}
    engines: {node: ^20.19.0 || >=22.12.0}
    cpu: [arm]
    os: [linux]

  '@rolldown/binding-linux-arm64-gnu@1.2.9':
    resolution: {integrity: sha512-BXqPvZ2drqVD+/Z8UpKwcs4Mp7grM+eGFku4CAEKrEtcbAsUpzREphK1sogCRZGreVPiMkiiBtw0n3TPteuqvw==}
    engines: {node: ^20.19.0 || >=22.12.0}
    cpu: [arm64]
    os: [linux]
    libc: [glibc]

  '@rolldown/binding-linux-arm64-musl@1.2.9':
    resolution: {integrity: sha512-11vWvo8YDwLzukt27J3aYDWU+gg2P7J+ZOmiJ0hkF5BXZDW7pVya7r40MXDy6ya0i9KamoENSVKIugvJNgFXIA==}
    engines: {node: ^20.19.0 || >=22.12.0}
    cpu: [arm64]
    os: [linux]
    libc: [musl]

  '@rolldown/binding-linux-ppc64-gnu@1.2.9':
    resolution: {integrity: sha512-a1tijMkdwsIARtc0F39ApURROkf3NwqinI6TOiSSWCTR7dT96dffNvMUtDHnq64wKNTIZOIlzKrFvvFUznJiyw==}
    engines: {node: ^20.19.0 || >=22.12.0}
    cpu: [ppc64]
    os: [linux]
    libc: [glibc]

  '@rolldown/binding-linux-s390x-gnu@1.2.9':
    resolution: {integrity: sha512-x6SQNdAvv4c3hWqTMaWuawzMX9myaCs/yEmlGsxJzkdClnHW7FbrjQuSiRDhuSYzEYoEMhsaJy9qHG/XNemJPQ==}
    engines: {node: ^20.19.0 || >=22.12.0}
    cpu: [s390x]
    os: [linux]
    libc: [glibc]

  '@rolldown/binding-linux-x64-gnu@1.2.9':
    resolution: {integrity: sha512-9s0AZ8BFK5/n7B/TBoa2yJE3gI3KURrbXcPBlsAsvjU4VeJKgE90y1YtNxyEUIcHPQkg6/yfF3qihUrcM/Kf0Q==}
    engines: {node: ^20.19.0 || >=22.12.0}
    cpu: [x64]
    os: [linux]
    libc: [glibc]

  '@rolldown/binding-linux-x64-musl@1.2.9':
    resolution: {integrity: sha512-P7VWAmV+WdJluH7ovnRGoiv2i8To7GAZ+kGzfGup635cyL7SyYl3lSUaA3Gp5THf0n/Co5EyEqb2zbqq+nMOHQ==}
    engines: {node: ^20.19.0 || >=22.12.0}
    cpu: [x64]
    os: [linux]
    libc: [musl]

  '@rolldown/binding-openharmony-arm64@1.2.9':
    resolution: {integrity: sha512-1qixtsE4BK8h+yS3BfmZ09UhA7O/N4IACva6YBr7EBvCJraByTuRcgOTaiA62Tm0vey3UcKXLOaoGHtYmNGEVg==}
    engines: {node: ^20.19.0 || >=22.12.0}
    cpu: [arm64]
    os: [openharmony]

  '@rolldown/binding-win32-arm64-msvc@1.2.9':
    resolution: {integrity: sha512-ok8IQjcEPs1AKZfuEUznVBrJw+gK4soq+bx8b1X2XoMqVClarc1q5JDmVtWXY1xfr6ZuHTAsPXHTgTrqKTZeww==}
    engines: {node: ^20.19.0 || >=22.12.0}
    cpu: [arm64]
    os: [win32]

  '@rolldown/binding-win32-x64-msvc@1.2.9':
    resolution: {integrity: sha512-Ip2mXoU0hM0boq3Rf+ekuT653OROSo6aSYcPT1VHE4q52KvyxgFkQgrgb/IEsxOuvQ2fZZbs8khJAyCEPM24/g==}
    engines: {node: ^20.19.0 || >=22.12.0}
    cpu: [x64]
    os: [win32]

  '@rolldown/pluginutils@1.0.1':
    resolution: {integrity: sha512-2j9bGt5Jh8hj+vPtgzPtl72j0yRxHAyumoo6TNfAjsLB04UtpSvPbPcDcBMxz7n+9CYB0c1GxQFxYRg2jimqGw==}

  '@types/node@22.20.2':
    resolution: {integrity: sha512-xlvWf4Vs9n1PEVYwP1n4vvG07M6y8WgvJ2t0vbrWTmijsIHp1cS+uJ2kMIRdY3nHZK0nCYKrPeD171+SzF4/zw==}

  '@types/pg@8.23.1':
    resolution: {integrity: sha512-fKVHpikPdg4GKks3JuLEhvwSyvwzF23hnabPy6DD8ljVbC7+6J5dQzdv4arV6jqq57djnMgs1HKBxX4P8aBI3A==}

  '@types/ws@8.18.1':
    resolution: {integrity: sha512-ThVF6DCVhA8kUGy+aazFQ4kXQ7E1Ty7A3ypFOe0IcJV8O/M511G99AW24irKrW56Wt44yG9+ij8FaqoBGkuBXg==}

  '@yuku-codegen/binding-android-arm64@0.10.2':
    resolution: {integrity: sha512-Oc2KInVkPfUjEB4PeV6X0NvIoyYTzDe/WmqFrTwBqKs6YKnz4A7XwWQvJTb7M0rLz9a6WgpUUiiS5QKaCi4O/g==}
    cpu: [arm64]
    os: [android]

  '@yuku-codegen/binding-darwin-arm64@0.10.2':
    resolution: {integrity: sha512-3H7eNPIHJndUJXZ4QUGBPq1zC6RGcUZfm7bymJes+/N7wTVWUn1bxZ9JcozYHpkWQNm9f23G8YWbaHD9aYH72A==}
    cpu: [arm64]
    os: [darwin]

  '@yuku-codegen/binding-darwin-x64@0.10.2':
    resolution: {integrity: sha512-AJOUpR2s3LF9AWiiub/Uyc/UoXNTWcq8hK3cVI6fUSXtwh34dG21J6hRuNlO6JVJFTo4o3ScVvZOrh/YFfUEAA==}
    cpu: [x64]
    os: [darwin]

  '@yuku-codegen/binding-freebsd-x64@0.10.2':
    resolution: {integrity: sha512-ms7DcZu87u5CiK/wMwvpKAvAmtaqKjCQIXNweMLypG6qbuiaOMQf1jpbB5+j46xBcgCovo8TQMcv0bCQLKIL9w==}
    cpu: [x64]
    os: [freebsd]

  '@yuku-codegen/binding-linux-arm-gnu@0.10.2':
    resolution: {integrity: sha512-xJDpYAsKV5+eaiBhTYl05fvT6sst4PsCeuIFMRu9b0/WCSrNQPfCDtAQ5/MS6xNpsdujdZEPR+gmfWk3ZG5i3A==}
    cpu: [arm]
    os: [linux]
    libc: [glibc]

  '@yuku-codegen/binding-linux-arm-musl@0.10.2':
    resolution: {integrity: sha512-qfTkgd7AEx61l4K9VtXWCGTxc/fmXJ4ZheDz3i+/AAJUtg4sa0bPrc0VBxPggB/rayR8Z3+JfrBItuyanBJJ9Q==}
    cpu: [arm]
    os: [linux]
    libc: [musl]

  '@yuku-codegen/binding-linux-arm64-gnu@0.10.2':
    resolution: {integrity: sha512-4e6Mifm/4UdjtU3D8mATIrvgP+xEiH8xtQOjd0zpd72XKWT7ug3sdyhq2utkkZFP6BvYp7SgZrI+aR4VeIOHdw==}
    cpu: [arm64]
    os: [linux]
    libc: [glibc]

  '@yuku-codegen/binding-linux-arm64-musl@0.10.2':
    resolution: {integrity: sha512-RdsJrUfDYFVV3JOmWFUWwSu31fa1APn12xDeIKxgl/YWxrabwtxsDBNjF2561c7tmcbiewdCUvngqRs8AyGVLA==}
    cpu: [arm64]
    os: [linux]
    libc: [musl]

  '@yuku-codegen/binding-linux-x64-gnu@0.10.2':
    resolution: {integrity: sha512-mVzWimEPPreaPyXIUvxsHoJzvO7ckZ5j0LgQFHz04zQIRwt9A9T2hA7K5/jYjJKkMxWG/U2VjhGNwVhtyU+uqg==}
    cpu: [x64]
    os: [linux]
    libc: [glibc]

  '@yuku-codegen/binding-linux-x64-musl@0.10.2':
    resolution: {integrity: sha512-Y77fyISurmr2mvO1yeq3u+x/WJbACgPR4w+lzEVx30ViCxZzIGrZPRN1yEdZ9xUNPNsIO5thBHIdRNG+UGUG+Q==}
    cpu: [x64]
    os: [linux]
    libc: [musl]

  '@yuku-codegen/binding-win32-arm64@0.10.2':
    resolution: {integrity: sha512-1+tGLyG0u5YYy0lev4ck7/0sd8xJ9SZde0dLut7qLDPZV5WVTV8x6OxNXUne/PGuHZyO1vK+txPQzzHOyXHGSw==}
    cpu: [arm64]
    os: [win32]

  '@yuku-codegen/binding-win32-x64@0.10.2':
    resolution: {integrity: sha512-8a2SExRohRbwC0MY4VpOF0/RSckrJ2ASZqAor5/RYSJJaeadR93n10gZzcKT6pY9ukiSOIZCRKVRD2tH73T0qA==}
    cpu: [x64]
    os: [win32]

  '@yuku-parser/binding-android-arm64@0.10.2':
    resolution: {integrity: sha512-2VPBU9fRGRAQ2xPAvghnec3oou5Nrxm2Bezhf+13UMspAxQSkF/32r+ySKXSwIPA5/RivumDJDxAxc301Sgicw==}
    cpu: [arm64]
    os: [android]

  '@yuku-parser/binding-darwin-arm64@0.10.2':
    resolution: {integrity: sha512-LD+PMZE51tCYTOss5HBkm3/AE39MvcMDBfWJx7A4yDcjfNbAQDnHZKtzSOuqrswx+TQHY0ws5xn6+fWOwtmfBA==}
    cpu: [arm64]
    os: [darwin]

  '@yuku-parser/binding-darwin-x64@0.10.2':
    resolution: {integrity: sha512-mmZ8cND+AoIIMRERyMinlg5ApHxP23B9jH2B5wT7T+dliPa9rubLxneB/SUjFwyUjGaFnB5G7t4YvpfbO5zbkQ==}
    cpu: [x64]
    os: [darwin]

  '@yuku-parser/binding-freebsd-x64@0.10.2':
    resolution: {integrity: sha512-gVIjaaIddbRfAhHlC8N809wQWml7mxfSVnzaLtzGXObTeFTPAg/YVnQXt1UOhPM1ah5eG/8Y0RUlNpB4GVe7eQ==}
    cpu: [x64]
    os: [freebsd]

  '@yuku-parser/binding-linux-arm-gnu@0.10.2':
    resolution: {integrity: sha512-q/XPPQQAPdlw05aPj30ygBhekmQryGOwxVraBgApjKK8yY1kNQgqq6XCYLF1WHSee+lhxclrTO7W0/bt7dR1GA==}
    cpu: [arm]
    os: [linux]
    libc: [glibc]

  '@yuku-parser/binding-linux-arm-musl@0.10.2':
    resolution: {integrity: sha512-A+Cb0I1hFF4wilTQpWs79k1aNnj4B2tkrHx3zsuUNF9BtVY2zPZ4yeQEM/zjXrS/qJlNMZVK9NrWJjwdpnTrfg==}
    cpu: [arm]
    os: [linux]
    libc: [musl]

  '@yuku-parser/binding-linux-arm64-gnu@0.10.2':
    resolution: {integrity: sha512-aGNSzqIqqphFwAdIFwVvKIyXD1Iy3CxrEJVIZAT87Ecyi4vCmmDD2v2l9h+Gd3/wSy3JZlOI792LJbKAjyy9rQ==}
    cpu: [arm64]
    os: [linux]
    libc: [glibc]

  '@yuku-parser/binding-linux-arm64-musl@0.10.2':
    resolution: {integrity: sha512-Ddl1sF0rtuCXyHGSOV6dcmdx+ETv1iD+IVFqQuOjzkJZWclxJxdBWX6ZJMRtTiGqGUTbqLEKiTXxpR/Bvqk+2A==}
    cpu: [arm64]
    os: [linux]
    libc: [musl]

  '@yuku-parser/binding-linux-x64-gnu@0.10.2':
    resolution: {integrity: sha512-/nlcpR6IF5U+0m5L9wvAIXeQa2DT+BXuvqKDsTcOTlcc0B4dHNyqE5hTXsS4hAyimpy2ZK8A1zMNF5hTrjg2cg==}
    cpu: [x64]
    os: [linux]
    libc: [glibc]

  '@yuku-parser/binding-linux-x64-musl@0.10.2':
    resolution: {integrity: sha512-GX80dxTQD/M/OryyuxJcFzFENzry3cDFPvCFTyWogNWQH3fSHfMrNfpwpl1YzMos1eV9NygK5GSDG7VArQlb4w==}
    cpu: [x64]
    os: [linux]
    libc: [musl]

  '@yuku-parser/binding-win32-arm64@0.10.2':
    resolution: {integrity: sha512-agePQBV4VHewiGU0ACSjscZ/hJd283f9JfAF19Gf1rI5+wy5tTgx4GS36i0b3xim15AQ4RCpDRosEvhLZ4zAOw==}
    cpu: [arm64]
    os: [win32]

  '@yuku-parser/binding-win32-x64@0.10.2':
    resolution: {integrity: sha512-s8//CMpgL5+y1lvDCdyh1rwGI5+ytDJywFJRe1vnhI7n0j+caxshNucurikYLLVeQ2SYFex6aPrzgQxkabBQRA==}
    cpu: [x64]
    os: [win32]

  '@yuku-toolchain/types@0.10.2':
    resolution: {integrity: sha512-sSeo4SSSToiS+sSD+bwn/s94EEcaLJ7tG5LCp8gFYC1G5VzxzX7fqB6m9RU1yMD8KTpu6zdU/I1NlQf8hVBJ9Q==}

  cac@7.0.0:
    resolution: {integrity: sha512-tixWYgm5ZoOD+3g6UTea91eow5z6AAHaho3g0V9CNSNb45gM8SmflpAc+GRd1InC4AqN/07Unrgp56Y94N9hJQ==}
    engines: {node: '>=20.19.0'}

  cluster-key-slot@1.1.2:
    resolution: {integrity: sha512-RMr0FhtfXemyinomL4hrWcYJxmX6deFdCxpJzhDttxgO1+bcCnkk+9drydLVDmAMG7NE6aN/fl4F7ucU/90gAA==}
    engines: {node: '>=0.10.0'}

  defu@6.1.7:
    resolution: {integrity: sha512-7z22QmUWiQ/2d0KkdYmANbRUVABpZ9SNYyH5vx6PZ+nE5bcC0l7uFvEfHlyld/HcGBFTL536ClDt3DEcSlEJAQ==}

  dts-resolver@3.0.0:
    resolution: {integrity: sha512-1T1f+z+4tl9XD+m+0HBgWoL/nm0bOIffyWaUuUSBlFg/86IWvfx+wjNaO/ybU0AJzG9/Mi5hBUgGV6zCmWEN7Q==}
    engines: {node: ^22.18.0 || >=24.0.0}
    peerDependencies:
      oxc-resolver: '>=11.0.0'
    peerDependenciesMeta:
      oxc-resolver:
        optional: true

  effect@4.0.0-rc.115:
    resolution: {integrity: sha512-ogYulZ5ffeOzrJqQrG0XOkDO5lKn2s9KNHhoxJy/6wKUkF0i12dlVXWA9TgsgQ+zV/JzizyG0+XMPepZEQX6vw==}

  empathic@2.1.0:
    resolution: {integrity: sha512-AnfC1ATldl49/cvZdLPDjBfrRNwbDO05aibiOtzQu3qtlbJtomNLhF30HEtn/7iBz50dlMECqATo3fG0LrdEgw==}
    engines: {node: '>=14'}

  fdir@6.5.0:
    resolution: {integrity: sha512-tIbYtZbucOs0BRGqPJkshJUYdL+SDH7dVM8gjy+ERp3WAUjLEFJE+02kanyHtwjWOnwrKYBiwAmM0p4kLJAnXg==}
    engines: {node: '>=12.0.0'}
    peerDependencies:
      picomatch: ^3 || ^4
    peerDependenciesMeta:
      picomatch:
        optional: true

  get-tsconfig@5.0.0-beta.6:
    resolution: {integrity: sha512-X6fBC0pmImC70gvX2zm56go9hx0MyoGVdG0tUCkg/D+Xnh5TJsOZ7iDbOdI3PvmtrDxnu1YdDufpK2QJX1Meqw==}
    engines: {node: '>=20.20.0'}

  hookable@6.1.2:
    resolution: {integrity: sha512-+abwxtiEA52GCVIsQqut3S/uKTbUwYIp4Pe/vv+6py5XiXBCqMZHg6pA6Y5qhgLSEys0/cYuPbO0z1QFj5ZCmg==}

  import-without-cache@0.4.1:
    resolution: {integrity: sha512-vXoV9PjKHEednCUu01e98TkImxy67e3BJXbTIOmIq4Hyzw3IAwYRcuPkfeTzJzwyyts4kjuA73x+pWJLc4f86A==}
    engines: {node: ^22.18.0 || >=24.0.0}

  obug@2.2.1:
    resolution: {integrity: sha512-XrsrhT5sybtKI6wakr2SPOlGZWWYbUXZ7a0jT8/QOeAPau+1X/bSegNe5YR75oJmEZQbKningirmGOEJCIk61Q==}
    engines: {node: '>=12.20.0'}

  obug@3.0.0:
    resolution: {integrity: sha512-5vvB5+W7ePv+p3uqxi+RcW1XAzLW0/hxt3/4X4Lc4qHudzOhmBiBwOY6DRob4WnanAEGvNcLjF+KNOufrUoEQw==}
    engines: {node: '>=12.20.0'}

  pg-cloudflare@1.4.0:
    resolution: {integrity: sha512-Vo7z/6rrQYxpNRylp4Tlob2elzbh+N/MOQbxFVWCxS7oEx6jF53GTJFxK2WWpKuBRkmiin4Mt+xofFDjx09R0A==}

  pg-connection-string@2.14.0:
    resolution: {integrity: sha512-XwWDGcLRGCXAR8F/AM5bG7Q+A3Wm2s6QeEjlOKZLlH3UYcguiqCWKyWXVag5TLTIjR7oOJUY8kcADaZgWPyLeg==}

  pg-int8@1.0.1:
    resolution: {integrity: sha512-WCtabS6t3c8SkpDBUlb1kjOs7l66xsGdKpIPZsg4wR+B3+u9UAum2odSsF9tnvxg80h4ZxLWMy4pRjOsFIqQpw==}
    engines: {node: '>=4.0.0'}

  pg-pool@3.14.0:
    resolution: {integrity: sha512-gKtPkFdQPU3DksooVLi9LsjZxrsBUZIpa+7aVx+LV5pNh0KzP4Zleud2po+ConrxbuXGBJ6Hfer6hdgpIBpBaw==}
    peerDependencies:
      pg: '>=8.0'

  pg-protocol@1.16.0:
    resolution: {integrity: sha512-sILXutLVjCLjcDuOmvhX5e2Z4cS5qG/6Bu3VkpFwdf/633ElGLpEh9bgmuI5I4sqKqkifQiGyiCcx1HdtrK7tg==}

  pg-types@2.2.0:
    resolution: {integrity: sha512-qTAAlrEsl8s4OiEQY69wDvcMIdQN6wdz5ojQiOy6YRMuynxenON0O5oCpJI6lshc6scgAY8qvJ2On/p+CXY0GA==}
    engines: {node: '>=4'}

  pg@8.23.0:
    resolution: {integrity: sha512-Ip2EQCngowJLGOfCwkFhPXU7/ljlhn6Rxlmy4XYfL2Y+vyRM59+8uR2xqRWKdYmbXmxCFOAmKxBuSUCdF34qLg==}
    engines: {node: '>= 16.0.0'}
    peerDependencies:
      pg-native: '>=3.0.1'
    peerDependenciesMeta:
      pg-native:
        optional: true

  pgpass@1.0.5:
    resolution: {integrity: sha512-FdW9r/jQZhSeohs1Z3sI1yxFQNFvMcnmfuj4WBMUTxOrAyLMaTcE1aAMBiTlbMNaXvBCQuVi0R7hd8udDSP7ug==}

  picomatch@4.0.7:
    resolution: {integrity: sha512-qcJu88Q2IWqJsDD529JKMdwGm/dvInW4HvQnRwiH9JtihJvzGOscDtHE3x1pBKeUOTysQ8kVmLnJ2kJu7yhcGA==}
    engines: {node: '>=12'}

  postgres-array@2.0.0:
    resolution: {integrity: sha512-VpZrUqU5A69eQyW2c5CA1jtLecCsN2U/bD6VilrFDWq5+5UIEVO7nazS3TEcHf1zuPYO/sqGvUvW62g86RXZuA==}
    engines: {node: '>=4'}

  postgres-bytea@1.0.1:
    resolution: {integrity: sha512-5+5HqXnsZPE65IJZSMkZtURARZelel2oXUEO8rH83VS/hxH5vv1uHquPg5wZs8yMAfdv971IU+kcPUczi7NVBQ==}
    engines: {node: '>=0.10.0'}

  postgres-date@1.0.7:
    resolution: {integrity: sha512-suDmjLVQg78nMK2UZ454hAG+OAW+HQPZ6n++TNDUX+L0+uUlLywnoxJKDou51Zm+zTCjrCl0Nq6J9C5hP9vK/Q==}
    engines: {node: '>=0.10.0'}

  postgres-interval@1.2.0:
    resolution: {integrity: sha512-9ZhXKM/rw350N1ovuWHbGxnGh/SNJ4cnxHiM0rxE4VN41wsg8P8zWn9hv/buK00RP4WvlOyr/RBDiptyxVbkZQ==}
    engines: {node: '>=0.10.0'}

  quansync@1.0.0:
    resolution: {integrity: sha512-5xZacEEufv3HSTPQuchrvV6soaiACMFnq1H8wkVioctoH3TRha9Sz66lOxRwPK/qZj7HPiSveih9yAyh98gvqA==}

  redis@6.2.1:
    resolution: {integrity: sha512-Z9VHtgYs48PiQC77X9O2Er8Hj4T+5BtFjT91/vi5Is1D04N72cA946ZslM1ImJw8ZctFBZWAVjM7S5wJNeHMpg==}
    engines: {node: '>= 20.0.0'}

  resolve-pkg-maps@1.0.0:
    resolution: {integrity: sha512-seS2Tj26TBVOC2NIc2rOe2y2ZO7efxITtLZcGSOnHHNOQ7CkiUBfw0Iw2ck6xkIhPwLhKNLS8BO+hEpngQlqzw==}

  rolldown-plugin-dts@0.28.6:
    resolution: {integrity: sha512-qKrFtBfRfR2hP233m7Ic9zf3wv6MSYdZghWKMdEO6dRYZGlNfINJAa1P5ZVvyHh3mrcd7IJQvIY8L9vnm+v5rQ==}
    engines: {node: ^22.18.0 || ^24.11.0 || >=26.0.0}
    peerDependencies:
      '@typescript/native-preview': '*'
      '@volar/typescript': ~2.4.0
      '@vue/language-core': ~3.2.0 || ~3.3.0
      rolldown: ^1.2.0
      typescript: ^5.0.0 || ^6.0.0 || ~7.0.0
      vue-tsc: ~3.2.0 || ~3.3.0
    peerDependenciesMeta:
      '@typescript/native-preview':
        optional: true
      '@volar/typescript':
        optional: true
      '@vue/language-core':
        optional: true
      typescript:
        optional: true
      vue-tsc:
        optional: true

  rolldown@1.2.9:
    resolution: {integrity: sha512-hx/Pv0N1haXRb11qkfnK5MXB/iqr7i0yjWQqmO9uHqZpBgQSqzc8UsSnEpalsh+j1I8qQ2CkXAkJC8Br3dKSlg==}
    engines: {node: ^20.19.0 || >=22.12.0}
    hasBin: true

  split2@4.2.0:
    resolution: {integrity: sha512-UcjcJOWknrNkF6PLX83qcHM6KHgVKNkV62Y8a5uYDVv9ydGQVwAHMKqHdJje1VTWpljG0WYpCDhrCdAOYH4TWg==}
    engines: {node: '>= 10.x'}

  tinyexec@1.3.1:
    resolution: {integrity: sha512-GCvB3aoys96IuDFBMcTB46JOR6mdMtAToqwiW8JlWhsoh1mhHi/xn9ss/Dg7N555GiJyEt2qzoG/NHCwM6h1EA==}
    engines: {node: '>=18'}

  tinyglobby@0.2.17:
    resolution: {integrity: sha512-wXR/dYpcqKmfWpEdZjiKJOwCNFndD0DMnrW/cYjVGttEkBfVgcLFHoNrlj47mjOVic9yyNu65alsgF4NQyTa2g==}
    engines: {node: '>=12.0.0'}

  tree-kill@1.2.2:
    resolution: {integrity: sha512-L0Orpi8qGpRG//Nd+H90vFB+3iHnue1zSSGmNOOCh1GLJ7rUKVwV2HvijphGQS2UmhUZewS9VgvxYIdgr+fG1A==}
    hasBin: true

  tsdown@0.23.0:
    resolution: {integrity: sha512-BaT+ep1xnj5hdyICLd5r5SYYE+TXnI1ATePLykv9vcKpHpFTWUWRH+x1AF/E2qcu3YB6+vI8IdyxIIIffEqw5Q==}
    engines: {node: ^22.18.0 || ^24.11.0 || >=26.0.0}
    hasBin: true
    peerDependencies:
      '@arethetypeswrong/core': ^0.18.1
      '@tsdown/css': 0.23.0
      '@tsdown/exe': 0.23.0
      '@vitejs/devtools': '*'
      publint: ^0.3.8
      tsx: '*'
      typescript: ^5.0.0 || ^6.0.0 || ^7.0.0
      unplugin-unused: '>=0.5.0'
      unrun: '*'
    peerDependenciesMeta:
      '@arethetypeswrong/core':
        optional: true
      '@tsdown/css':
        optional: true
      '@tsdown/exe':
        optional: true
      '@vitejs/devtools':
        optional: true
      publint:
        optional: true
      tsx:
        optional: true
      typescript:
        optional: true
      unplugin-unused:
        optional: true
      unrun:
        optional: true

  typescript@5.9.3:
    resolution: {integrity: sha512-jl1vZzPDinLr9eUt3J/t7V6FgNEw9QjvBPdysz9KfQDD41fQrC2Y4vKQdiaUpFT4bXlb1RHhLpp8wtm6M5TgSw==}
    engines: {node: '>=14.17'}
    hasBin: true

  unconfig-core@7.5.0:
    resolution: {integrity: sha512-Su3FauozOGP44ZmKdHy2oE6LPjk51M/TRRjHv2HNCWiDvfvCoxC2lno6jevMA91MYAdCdwP05QnWdWpSbncX/w==}

  undici-types@6.21.0:
    resolution: {integrity: sha512-iwDZqg0QAGrg9Rav5H4n0M64c3mkR59cJ6wQp+7C4nI0gsmExaedaYLNO44eT4AtBBwjbTiGPMlt2Md0T9H9JQ==}

  undici@8.10.2:
    resolution: {integrity: sha512-/y4/bH9YNU5hi9NIrpOuvGXFcxrj3CMrV+/AYpowAYTpHn8gX/XPFjNy766FPoYY0miQhdW977JFWKGNhBdwyQ==}
    engines: {node: '>=22.19.0'}

  verkit@0.4.1:
    resolution: {integrity: sha512-mMVzj0TXExtVdlDEq+Mzp0eyOuyznNpFobNM3uAqe3HVm/Ps2c+u17BligMkZjZCA6EiXpoon8iRTer3iu40SQ==}
    engines: {node: '>=18.12.0'}

  ws@8.21.3:
    resolution: {integrity: sha512-201TZ/kPWxoPr/OKWjquZR1SWKXcvxdH+e1xrx89b3YbmzLMFCLfnaG1HFIgWzJOEWZ7MvpK++odZufgYR50Rw==}
    engines: {node: '>=10.0.0'}
    peerDependencies:
      bufferutil: ^4.0.1
      utf-8-validate: '>=5.0.2'
    peerDependenciesMeta:
      bufferutil:
        optional: true
      utf-8-validate:
        optional: true

  xtend@4.0.2:
    resolution: {integrity: sha512-LKYU1iAXJXUgAXn9URjiu+MWhyUXHsvfp7mcuYm9dSUKK0/CjtrUwFAxD82/mCWbtLsGjFIad0wIsod4zrTAEQ==}
    engines: {node: '>=0.4'}

  yuku-ast@0.10.2:
    resolution: {integrity: sha512-UnG9mA6giglCvSErft2/40TVFX750Sj1xgwddPLpG7J7rlr/P1wPADg9G2RK+d/1tNLtRVoLdMMOMVBB9561TQ==}

  yuku-codegen@0.10.2:
    resolution: {integrity: sha512-hentl2dtrF6cPjiAirtkfxfFZBA6Hdm61UqRJ7cA0qrlDNMk9PZGOjw5w1mx3E0hu/6pHcJF4dJW+D0SXHPZOA==}

  yuku-parser@0.10.2:
    resolution: {integrity: sha512-CgaU0/PPjCAIEZ3WQroosOxTY3eeKldAN3h+vk8pMNz4+jl1CZzBR4pW+K/rRPF112VooCL5FdjJoiMNjDrL2A==}

snapshots:

  '@effect/platform-node-shared@4.0.0-rc.115(effect@4.0.0-rc.115)':
    dependencies:
      '@types/ws': 8.18.1
      effect: 4.0.0-rc.115
      ws: 8.21.3
    transitivePeerDependencies:
      - bufferutil
      - utf-8-validate

  '@effect/platform-node@4.0.0-rc.115(effect@4.0.0-rc.115)(redis@6.2.1)':
    dependencies:
      '@effect/platform-node-shared': 4.0.0-rc.115(effect@4.0.0-rc.115)
      effect: 4.0.0-rc.115
      redis: 6.2.1
      undici: 8.10.2
    transitivePeerDependencies:
      - bufferutil
      - utf-8-validate

  '@oxc-project/types@0.150.0': {}

  '@quansync/fs@1.1.0':
    dependencies:
      quansync: 1.0.0

  '@redis/bloom@6.2.1(@redis/client@6.2.1)':
    dependencies:
      '@redis/client': 6.2.1

  '@redis/client@6.2.1':
    dependencies:
      cluster-key-slot: 1.1.2

  '@redis/json@6.2.1(@redis/client@6.2.1)':
    dependencies:
      '@redis/client': 6.2.1

  '@redis/search@6.2.1(@redis/client@6.2.1)':
    dependencies:
      '@redis/client': 6.2.1

  '@redis/time-series@6.2.1(@redis/client@6.2.1)':
    dependencies:
      '@redis/client': 6.2.1

  '@rolldown/binding-android-arm-eabi@1.2.9':
    optional: true

  '@rolldown/binding-android-arm64@1.2.9':
    optional: true

  '@rolldown/binding-darwin-arm64@1.2.9':
    optional: true

  '@rolldown/binding-darwin-x64@1.2.9':
    optional: true

  '@rolldown/binding-freebsd-x64@1.2.9':
    optional: true

  '@rolldown/binding-linux-arm-gnueabihf@1.2.9':
    optional: true

  '@rolldown/binding-linux-arm64-gnu@1.2.9':
    optional: true

  '@rolldown/binding-linux-arm64-musl@1.2.9':
    optional: true

  '@rolldown/binding-linux-ppc64-gnu@1.2.9':
    optional: true

  '@rolldown/binding-linux-s390x-gnu@1.2.9':
    optional: true

  '@rolldown/binding-linux-x64-gnu@1.2.9':
    optional: true

  '@rolldown/binding-linux-x64-musl@1.2.9':
    optional: true

  '@rolldown/binding-openharmony-arm64@1.2.9':
    optional: true

  '@rolldown/binding-win32-arm64-msvc@1.2.9':
    optional: true

  '@rolldown/binding-win32-x64-msvc@1.2.9':
    optional: true

  '@rolldown/pluginutils@1.0.1': {}

  '@types/node@22.20.2':
    dependencies:
      undici-types: 6.21.0

  '@types/pg@8.23.1':
    dependencies:
      '@types/node': 22.20.2
      pg-protocol: 1.16.0
      pg-types: 2.2.0

  '@types/ws@8.18.1':
    dependencies:
      '@types/node': 22.20.2

  '@yuku-codegen/binding-android-arm64@0.10.2':
    optional: true

  '@yuku-codegen/binding-darwin-arm64@0.10.2':
    optional: true

  '@yuku-codegen/binding-darwin-x64@0.10.2':
    optional: true

  '@yuku-codegen/binding-freebsd-x64@0.10.2':
    optional: true

  '@yuku-codegen/binding-linux-arm-gnu@0.10.2':
    optional: true

  '@yuku-codegen/binding-linux-arm-musl@0.10.2':
    optional: true

  '@yuku-codegen/binding-linux-arm64-gnu@0.10.2':
    optional: true

  '@yuku-codegen/binding-linux-arm64-musl@0.10.2':
    optional: true

  '@yuku-codegen/binding-linux-x64-gnu@0.10.2':
    optional: true

  '@yuku-codegen/binding-linux-x64-musl@0.10.2':
    optional: true

  '@yuku-codegen/binding-win32-arm64@0.10.2':
    optional: true

  '@yuku-codegen/binding-win32-x64@0.10.2':
    optional: true

  '@yuku-parser/binding-android-arm64@0.10.2':
    optional: true

  '@yuku-parser/binding-darwin-arm64@0.10.2':
    optional: true

  '@yuku-parser/binding-darwin-x64@0.10.2':
    optional: true

  '@yuku-parser/binding-freebsd-x64@0.10.2':
    optional: true

  '@yuku-parser/binding-linux-arm-gnu@0.10.2':
    optional: true

  '@yuku-parser/binding-linux-arm-musl@0.10.2':
    optional: true

  '@yuku-parser/binding-linux-arm64-gnu@0.10.2':
    optional: true

  '@yuku-parser/binding-linux-arm64-musl@0.10.2':
    optional: true

  '@yuku-parser/binding-linux-x64-gnu@0.10.2':
    optional: true

  '@yuku-parser/binding-linux-x64-musl@0.10.2':
    optional: true

  '@yuku-parser/binding-win32-arm64@0.10.2':
    optional: true

  '@yuku-parser/binding-win32-x64@0.10.2':
    optional: true

  '@yuku-toolchain/types@0.10.2': {}

  cac@7.0.0: {}

  cluster-key-slot@1.1.2: {}

  defu@6.1.7: {}

  dts-resolver@3.0.0: {}

  effect@4.0.0-rc.115: {}

  empathic@2.1.0: {}

  fdir@6.5.0(picomatch@4.0.7):
    optionalDependencies:
      picomatch: 4.0.7

  get-tsconfig@5.0.0-beta.6:
    dependencies:
      resolve-pkg-maps: 1.0.0

  hookable@6.1.2: {}

  import-without-cache@0.4.1: {}

  obug@2.2.1: {}

  obug@3.0.0: {}

  pg-cloudflare@1.4.0:
    optional: true

  pg-connection-string@2.14.0: {}

  pg-int8@1.0.1: {}

  pg-pool@3.14.0(pg@8.23.0):
    dependencies:
      pg: 8.23.0

  pg-protocol@1.16.0: {}

  pg-types@2.2.0:
    dependencies:
      pg-int8: 1.0.1
      postgres-array: 2.0.0
      postgres-bytea: 1.0.1
      postgres-date: 1.0.7
      postgres-interval: 1.2.0

  pg@8.23.0:
    dependencies:
      pg-connection-string: 2.14.0
      pg-pool: 3.14.0(pg@8.23.0)
      pg-protocol: 1.16.0
      pg-types: 2.2.0
      pgpass: 1.0.5
    optionalDependencies:
      pg-cloudflare: 1.4.0

  pgpass@1.0.5:
    dependencies:
      split2: 4.2.0

  picomatch@4.0.7: {}

  postgres-array@2.0.0: {}

  postgres-bytea@1.0.1: {}

  postgres-date@1.0.7: {}

  postgres-interval@1.2.0:
    dependencies:
      xtend: 4.0.2

  quansync@1.0.0: {}

  redis@6.2.1:
    dependencies:
      '@redis/bloom': 6.2.1(@redis/client@6.2.1)
      '@redis/client': 6.2.1
      '@redis/json': 6.2.1(@redis/client@6.2.1)
      '@redis/search': 6.2.1(@redis/client@6.2.1)
      '@redis/time-series': 6.2.1(@redis/client@6.2.1)
    transitivePeerDependencies:
      - '@node-rs/xxhash'
      - '@opentelemetry/api'

  resolve-pkg-maps@1.0.0: {}

  rolldown-plugin-dts@0.28.6(rolldown@1.2.9)(typescript@5.9.3):
    dependencies:
      dts-resolver: 3.0.0
      get-tsconfig: 5.0.0-beta.6
      obug: 3.0.0
      rolldown: 1.2.9
      yuku-ast: 0.10.2
      yuku-codegen: 0.10.2
      yuku-parser: 0.10.2
    optionalDependencies:
      typescript: 5.9.3
    transitivePeerDependencies:
      - oxc-resolver

  rolldown@1.2.9:
    dependencies:
      '@oxc-project/types': 0.150.0
      '@rolldown/pluginutils': 1.0.1
    optionalDependencies:
      '@rolldown/binding-android-arm-eabi': 1.2.9
      '@rolldown/binding-android-arm64': 1.2.9
      '@rolldown/binding-darwin-arm64': 1.2.9
      '@rolldown/binding-darwin-x64': 1.2.9
      '@rolldown/binding-freebsd-x64': 1.2.9
      '@rolldown/binding-linux-arm-gnueabihf': 1.2.9
      '@rolldown/binding-linux-arm64-gnu': 1.2.9
      '@rolldown/binding-linux-arm64-musl': 1.2.9
      '@rolldown/binding-linux-ppc64-gnu': 1.2.9
      '@rolldown/binding-linux-s390x-gnu': 1.2.9
      '@rolldown/binding-linux-x64-gnu': 1.2.9
      '@rolldown/binding-linux-x64-musl': 1.2.9
      '@rolldown/binding-openharmony-arm64': 1.2.9
      '@rolldown/binding-win32-arm64-msvc': 1.2.9
      '@rolldown/binding-win32-x64-msvc': 1.2.9

  split2@4.2.0: {}

  tinyexec@1.3.1: {}

  tinyglobby@0.2.17:
    dependencies:
      fdir: 6.5.0(picomatch@4.0.7)
      picomatch: 4.0.7

  tree-kill@1.2.2: {}

  tsdown@0.23.0(typescript@5.9.3):
    dependencies:
      cac: 7.0.0
      defu: 6.1.7
      empathic: 2.1.0
      hookable: 6.1.2
      import-without-cache: 0.4.1
      obug: 2.2.1
      picomatch: 4.0.7
      rolldown: 1.2.9
      rolldown-plugin-dts: 0.28.6(rolldown@1.2.9)(typescript@5.9.3)
      tinyexec: 1.3.1
      tinyglobby: 0.2.17
      tree-kill: 1.2.2
      unconfig-core: 7.5.0
      verkit: 0.4.1
    optionalDependencies:
      typescript: 5.9.3
    transitivePeerDependencies:
      - '@typescript/native-preview'
      - '@volar/typescript'
      - '@vue/language-core'
      - oxc-resolver
      - vue-tsc

  typescript@5.9.3: {}

  unconfig-core@7.5.0:
    dependencies:
      '@quansync/fs': 1.1.0
      quansync: 1.0.0

  undici-types@6.21.0: {}

  undici@8.10.2: {}

  verkit@0.4.1: {}

  ws@8.21.3: {}

  xtend@4.0.2: {}

  yuku-ast@0.10.2:
    dependencies:
      '@yuku-toolchain/types': 0.10.2

  yuku-codegen@0.10.2:
    dependencies:
      '@yuku-toolchain/types': 0.10.2
    optionalDependencies:
      '@yuku-codegen/binding-android-arm64': 0.10.2
      '@yuku-codegen/binding-darwin-arm64': 0.10.2
      '@yuku-codegen/binding-darwin-x64': 0.10.2
      '@yuku-codegen/binding-freebsd-x64': 0.10.2
      '@yuku-codegen/binding-linux-arm-gnu': 0.10.2
      '@yuku-codegen/binding-linux-arm-musl': 0.10.2
      '@yuku-codegen/binding-linux-arm64-gnu': 0.10.2
      '@yuku-codegen/binding-linux-arm64-musl': 0.10.2
      '@yuku-codegen/binding-linux-x64-gnu': 0.10.2
      '@yuku-codegen/binding-linux-x64-musl': 0.10.2
      '@yuku-codegen/binding-win32-arm64': 0.10.2
      '@yuku-codegen/binding-win32-x64': 0.10.2

  yuku-parser@0.10.2:
    dependencies:
      '@yuku-toolchain/types': 0.10.2
      yuku-ast: 0.10.2
    optionalDependencies:
      '@yuku-parser/binding-android-arm64': 0.10.2
      '@yuku-parser/binding-darwin-arm64': 0.10.2
      '@yuku-parser/binding-darwin-x64': 0.10.2
      '@yuku-parser/binding-freebsd-x64': 0.10.2
      '@yuku-parser/binding-linux-arm-gnu': 0.10.2
      '@yuku-parser/binding-linux-arm-musl': 0.10.2
      '@yuku-parser/binding-linux-arm64-gnu': 0.10.2
      '@yuku-parser/binding-linux-arm64-musl': 0.10.2
      '@yuku-parser/binding-linux-x64-gnu': 0.10.2
      '@yuku-parser/binding-linux-x64-musl': 0.10.2
      '@yuku-parser/binding-win32-arm64': 0.10.2
      '@yuku-parser/binding-win32-x64': 0.10.2
